// !$*UTF8*$!
{
	archiveVersion = 1;
	classes = {
	};
	objectVersion = 56;
	objects = {

/* Begin PBXBuildFile section */
		D25D85382B606D130064FE14 /* AppDelegate.swift in Sources */ = {isa = PBXBuildFile; fileRef = D25D85372B606D130064FE14 /* AppDelegate.swift */; };
		D25D853A2B606D130064FE14 /* SceneDelegate.swift in Sources */ = {isa = PBXBuildFile; fileRef = D25D85392B606D130064FE14 /* SceneDelegate.swift */; };
		D25D853C2B606D130064FE14 /* ViewController.swift in Sources */ = {isa = PBXBuildFile; fileRef = D25D853B2B606D130064FE14 /* ViewController.swift */; };
		D25D853F2B606D130064FE14 /* Main.storyboard in Resources */ = {isa = PBXBuildFile; fileRef = D25D853D2B606D130064FE14 /* Main.storyboard */; };
		D25D85412B606D150064FE14 /* Assets.xcassets in Resources */ = {isa = PBXBuildFile; fileRef = D25D85402B606D150064FE14 /* Assets.xcassets */; };
		D25D85442B606D150064FE14 /* LaunchScreen.storyboard in Resources */ = {isa = PBXBuildFile; fileRef = D25D85422B606D150064FE14 /* LaunchScreen.storyboard */; };
		D25D854F2B606D150064FE14 /* Assignment_Lab3_UITextTests.swift in Sources */ = {isa = PBXBuildFile; fileRef = D25D854E2B606D150064FE14 /* Assignment_Lab3_UITextTests.swift */; };
		D25D85592B606D150064FE14 /* Assignment_Lab3_UITextUITests.swift in Sources */ = {isa = PBXBuildFile; fileRef = D25D85582B606D150064FE14 /* Assignment_Lab3_UITextUITests.swift */; };
		D25D855B2B606D150064FE14 /* Assignment_Lab3_UITextUITestsLaunchTests.swift in Sources */ = {isa = PBXBuildFile; fileRef = D25D855A2B606D150064FE14 /* Assignment_Lab3_UITextUITestsLaunchTests.swift */; };
/* End PBXBuildFile section */

/* Begin PBXContainerItemProxy section */
		D25D854B2B606D150064FE14 /* PBXContainerItemProxy */ = {
			isa = PBXContainerItemProxy;
			containerPortal = D25D852C2B606D130064FE14 /* Project object */;
			proxyType = 1;
			remoteGlobalIDString = D25D85332B606D130064FE14;
			remoteInfo = Assignment_Lab3_UIText;
		};
		D25D85552B606D150064FE14 /* PBXContainerItemProxy */ = {
			isa = PBXContainerItemProxy;
			containerPortal = D25D852C2B606D130064FE14 /* Project object */;
			proxyType = 1;
			remoteGlobalIDString = D25D85332B606D130064FE14;
			remoteInfo = Assignment_Lab3_UIText;
		};
/* End PBXContainerItemProxy section */

/* Begin PBXFileReference section */
		D25D85342B606D130064FE14 /* Assignment_Lab3_UIText.app */ = {isa = PBXFileReference; explicitFileType = wrapper.application; includeInIndex = 0; path = Assignment_Lab3_UIText.app; sourceTree = BUILT_PRODUCTS_DIR; };
		D25D85372B606D130064FE14 /* AppDelegate.swift */ = {isa = PBXFileReference; lastKnownFileType = sourcecode.swift; path = AppDelegate.swift; sourceTree = "<group>"; };
		D25D85392B606D130064FE14 /* SceneDelegate.swift */ = {isa = PBXFileReference; lastKnownFileType = sourcecode.swift; path = SceneDelegate.swift; sourceTree = "<group>"; };
		D25D853B2B606D130064FE14 /* ViewController.swift */ = {isa = PBXFileReference; lastKnownFileType = sourcecode.swift; path = ViewController.swift; sourceTree = "<group>"; };
		D25D853E2B606D130064FE14 /* Base */ = {isa = PBXFileReference; lastKnownFileType = file.storyboard; name = Base; path = Base.lproj/Main.storyboard; sourceTree = "<group>"; };
		D25D85402B606D150064FE14 /* Assets.xcassets */ = {isa = PBXFileReference; lastKnownFileType = folder.assetcatalog; path = Assets.xcassets; sourceTree = "<group>"; };
		D25D85432B606D150064FE14 /* Base */ = {isa = PBXFileReference; lastKnownFileType = file.storyboard; name = Base; path = Base.lproj/LaunchScreen.storyboard; sourceTree = "<group>"; };
		D25D85452B606D150064FE14 /* Info.plist */ = {isa = PBXFileReference; lastKnownFileType = text.plist.xml; path = Info.plist; sourceTree = "<group>"; };
		D25D854A2B606D150064FE14 /* Assignment_Lab3_UITextTests.xctest */ = {isa = PBXFileReference; explicitFileType = wrapper.cfbundle; includeInIndex = 0; path = Assignment_Lab3_UITextTests.xctest; sourceTree = BUILT_PRODUCTS_DIR; };
		D25D854E2B606D150064FE14 /* Assignment_Lab3_UITextTests.swift */ = {isa = PBXFileReference; lastKnownFileType = sourcecode.swift; path = Assignment_Lab3_UITextTests.swift; sourceTree = "<group>"; };
		D25D85542B606D150064FE14 /* Assignment_Lab3_UITextUITests.xctest */ = {isa = PBXFileReference; explicitFileType = wrapper.cfbundle; includeInIndex = 0; path = Assignment_Lab3_UITextUITests.xctest; sourceTree = BUILT_PRODUCTS_DIR; };
		D25D85582B606D150064FE14 /* Assignment_Lab3_UITextUITests.swift */ = {isa = PBXFileReference; lastKnownFileType = sourcecode.swift; path = Assignment_Lab3_UITextUITests.swift; sourceTree = "<group>"; };
		D25D855A2B606D150064FE14 /* Assignment_Lab3_UITextUITestsLaunchTests.swift */ = {isa = PBXFileReference; lastKnownFileType = sourcecode.swift; path = Assignment_Lab3_UITextUITestsLaunchTests.swift; sourceTree = "<group>"; };
/* End PBXFileReference section */

/* Begin PBXFrameworksBuildPhase section */
		D25D85312B606D130064FE14 /* Frameworks */ = {
			isa = PBXFrameworksBuildPhase;
			buildActionMask = 2147483647;
			files = (
			);
			runOnlyForDeploymentPostprocessing = 0;
		};
		D25D85472B606D150064FE14 /* Frameworks */ = {
			isa = PBXFrameworksBuildPhase;
			buildActionMask = 2147483647;
			files = (
			);
			runOnlyForDeploymentPostprocessing = 0;
		};
		D25D85512B606D150064FE14 /* Frameworks */ = {
			isa = PBXFrameworksBuildPhase;
			buildActionMask = 2147483647;
			files = (
			);
			runOnlyForDeploymentPostprocessing = 0;
		};
/* End PBXFrameworksBuildPhase section */

/* Begin PBXGroup section */
		D25D852B2B606D130064FE14 = {
			isa = PBXGroup;
			children = (
				D25D85362B606D130064FE14 /* Assignment_Lab3_UIText */,
				D25D854D2B606D150064FE14 /* Assignment_Lab3_UITextTests */,
				D25D85572B606D150064FE14 /* Assignment_Lab3_UITextUITests */,
				D25D85352B606D130064FE14 /* Products */,
			);
			sourceTree = "<group>";
		};
		D25D85352B606D130064FE14 /* Products */ = {
			isa = PBXGroup;
			children = (
				D25D85342B606D130064FE14 /* Assignment_Lab3_UIText.app */,
				D25D854A2B606D150064FE14 /* Assignment_Lab3_UITextTests.xctest */,
				D25D85542B606D150064FE14 /* Assignment_Lab3_UITextUITests.xctest */,
			);
			name = Products;
			sourceTree = "<group>";
		};
		D25D85362B606D130064FE14 /* Assignment_Lab3_UIText */ = {
			isa = PBXGroup;
			children = (
				D25D85372B606D130064FE14 /* AppDelegate.swift */,
				D25D85392B606D130064FE14 /* SceneDelegate.swift */,
				D25D853B2B606D130064FE14 /* ViewController.swift */,
				D25D853D2B606D130064FE14 /* Main.storyboard */,
				D25D85402B606D150064FE14 /* Assets.xcassets */,
				D25D85422B606D150064FE14 /* LaunchScreen.storyboard */,
				D25D85452B606D150064FE14 /* Info.plist */,
			);
			path = Assignment_Lab3_UIText;
			sourceTree = "<group>";
		};
		D25D854D2B606D150064FE14 /* Assignment_Lab3_UITextTests */ = {
			isa = PBXGroup;
			children = (
				D25D854E2B606D150064FE14 /* Assignment_Lab3_UITextTests.swift */,
			);
			path = Assignment_Lab3_UITextTests;
			sourceTree = "<group>";
		};
		D25D85572B606D150064FE14 /* Assignment_Lab3_UITextUITests */ = {
			isa = PBXGroup;
			children = (
				D25D85582B606D150064FE14 /* Assignment_Lab3_UITextUITests.swift */,
				D25D855A2B606D150064FE14 /* Assignment_Lab3_UITextUITestsLaunchTests.swift */,
			);
			path = Assignment_Lab3_UITextUITests;
			sourceTree = "<group>";
		};
/* End PBXGroup section */

/* Begin PBXNativeTarget section */
		D25D85332B606D130064FE14 /* Assignment_Lab3_UIText */ = {
			isa = PBXNativeTarget;
			buildConfigurationList = D25D855E2B606D150064FE14 /* Build configuration list for PBXNativeTarget "Assignment_Lab3_UIText" */;
			buildPhases = (
				D25D85302B606D130064FE14 /* Sources */,
				D25D85312B606D130064FE14 /* Frameworks */,
				D25D85322B606D130064FE14 /* Resources */,
			);
			buildRules = (
			);
			dependencies = (
			);
			name = Assignment_Lab3_UIText;
			productName = Assignment_Lab3_UIText;
			productReference = D25D85342B606D130064FE14 /* Assignment_Lab3_UIText.app */;
			productType = "com.apple.product-type.application";
		};
		D25D85492B606D150064FE14 /* Assignment_Lab3_UITextTests */ = {
			isa = PBXNativeTarget;
			buildConfigurationList = D25D85612B606D150064FE14 /* Build configuration list for PBXNativeTarget "Assignment_Lab3_UITextTests" */;
			buildPhases = (
				D25D85462B606D150064FE14 /* Sources */,
				D25D85472B606D150064FE14 /* Frameworks */,
				D25D85482B606D150064FE14 /* Resources */,
			);
			buildRules = (
			);
			dependencies = (
				D25D854C2B606D150064FE14 /* PBXTargetDependency */,
			);
			name = Assignment_Lab3_UITextTests;
			productName = Assignment_Lab3_UITextTests;
			productReference = D25D854A2B606D150064FE14 /* Assignment_Lab3_UITextTests.xctest */;
			productType = "com.apple.product-type.bundle.unit-test";
		};
		D25D85532B606D150064FE14 /* Assignment_Lab3_UITextUITests */ = {
			isa = PBXNativeTarget;
			buildConfigurationList = D25D85642B606D150064FE14 /* Build configuration list for PBXNativeTarget "Assignment_Lab3_UITextUITests" */;
			buildPhases = (
				D25D85502B606D150064FE14 /* Sources */,
				D25D85512B606D150064FE14 /* Frameworks */,
				D25D85522B606D150064FE14 /* Resources */,
			);
			buildRules = (
			);
			dependencies = (
				D25D85562B606D150064FE14 /* PBXTargetDependency */,
			);
			name = Assignment_Lab3_UITextUITests;
			productName = Assignment_Lab3_UITextUITests;
			productReference = D25D85542B606D150064FE14 /* Assignment_Lab3_UITextUITests.xctest */;
			productType = "com.apple.product-type.bundle.ui-testing";
		};
/* End PBXNativeTarget section */

/* Begin PBXProject section */
		D25D852C2B606D130064FE14 /* Project object */ = {
			isa = PBXProject;
			attributes = {
				BuildIndependentTargetsInParallel = 1;
				LastSwiftUpdateCheck = 1420;
				LastUpgradeCheck = 1420;
				TargetAttributes = {
					D25D85332B606D130064FE14 = {
						CreatedOnToolsVersion = 14.2;
					};
					D25D85492B606D150064FE14 = {
						CreatedOnToolsVersion = 14.2;
						TestTargetID = D25D85332B606D130064FE14;
					};
					D25D85532B606D150064FE14 = {
						CreatedOnToolsVersion = 14.2;
						TestTargetID = D25D85332B606D130064FE14;
					};
				};
			};
			buildConfigurationList = D25D852F2B606D130064FE14 /* Build configuration list for PBXProject "Assignment_Lab3_UIText" */;
			compatibilityVersion = "Xcode 14.0";
			developmentRegion = en;
			hasScannedForEncodings = 0;
			knownRegions = (
				en,
				Base,
			);
			mainGroup = D25D852B2B606D130064FE14;
			productRefGroup = D25D85352B606D130064FE14 /* Products */;
			projectDirPath = "";
			projectRoot = "";
			targets = (
				D25D85332B606D130064FE14 /* Assignment_Lab3_UIText */,
				D25D85492B606D150064FE14 /* Assignment_Lab3_UITextTests */,
				D25D85532B606D150064FE14 /* Assignment_Lab3_UITextUITests */,
			);
		};
/* End PBXProject section */

/* Begin PBXResourcesBuildPhase section */
		D25D85322B606D130064FE14 /* Resources */ = {
			isa = PBXResourcesBuildPhase;
			buildActionMask = 2147483647;
			files = (
				D25D85442B606D150064FE14 /* LaunchScreen.storyboard in Resources */,
				D25D85412B606D150064FE14 /* Assets.xcassets in Resources */,
				D25D853F2B606D130064FE14 /* Main.storyboard in Resources */,
			);
			runOnlyForDeploymentPostprocessing = 0;
		};
		D25D85482B606D150064FE14 /* Resources */ = {
			isa = PBXResourcesBuildPhase;
			buildActionMask = 2147483647;
			files = (
			);
			runOnlyForDeploymentPostprocessing = 0;
		};
		D25D85522B606D150064FE14 /* Resources */ = {
			isa = PBXResourcesBuildPhase;
			buildActionMask = 2147483647;
			files = (
			);
			runOnlyForDeploymentPostprocessing = 0;
		};
/* End PBXResourcesBuildPhase section */

/* Begin PBXSourcesBuildPhase section */
		D25D85302B606D130064FE14 /* Sources */ = {
			isa = PBXSourcesBuildPhase;
			buildActionMask = 2147483647;
			files = (
				D25D853C2B606D130064FE14 /* ViewController.swift in Sources */,
				D25D85382B606D130064FE14 /* AppDelegate.swift in Sources */,
				D25D853A2B606D130064FE14 /* SceneDelegate.swift in Sources */,
			);
			runOnlyForDeploymentPostprocessing = 0;
		};
		D25D85462B606D150064FE14 /* Sources */ = {
			isa = PBXSourcesBuildPhase;
			buildActionMask = 2147483647;
			files = (
				D25D854F2B606D150064FE14 /* Assignment_Lab3_UITextTests.swift in Sources */,
			);
			runOnlyForDeploymentPostprocessing = 0;
		};
		D25D85502B606D150064FE14 /* Sources */ = {
			isa = PBXSourcesBuildPhase;
			buildActionMask = 2147483647;
			files = (
				D25D855B2B606D150064FE14 /* Assignment_Lab3_UITextUITestsLaunchTests.swift in Sources */,
				D25D85592B606D150064FE14 /* Assignment_Lab3_UITextUITests.swift in Sources */,
			);
			runOnlyForDeploymentPostprocessing = 0;
		};
/* End PBXSourcesBuildPhase section */

/* Begin PBXTargetDependency section */
		D25D854C2B606D150064FE14 /* PBXTargetDependency */ = {
			isa = PBXTargetDependency;
			target = D25D85332B606D130064FE14 /* Assignment_Lab3_UIText */;
			targetProxy = D25D854B2B606D150064FE14 /* PBXContainerItemProxy */;
		};
		D25D85562B606D150064FE14 /* PBXTargetDependency */ = {
			isa = PBXTargetDependency;
			target = D25D85332B606D130064FE14 /* Assignment_Lab3_UIText */;
			targetProxy = D25D85552B606D150064FE14 /* PBXContainerItemProxy */;
		};
/* End PBXTargetDependency section */

/* Begin PBXVariantGroup section */
		D25D853D2B606D130064FE14 /* Main.storyboard */ = {
			isa = PBXVariantGroup;
			children = (
				D25D853E2B606D130064FE14 /* Base */,
			);
			name = Main.storyboard;
			sourceTree = "<group>";
		};
		D25D85422B606D150064FE14 /* LaunchScreen.storyboard */ = {
			isa = PBXVariantGroup;
			children = (
				D25D85432B606D150064FE14 /* Base */,
			);
			name = LaunchScreen.storyboard;
			sourceTree = "<group>";
		};
/* End PBXVariantGroup section */

/* Begin XCBuildConfiguration section */
		D25D855C2B606D150064FE14 /* Debug */ = {
			isa = XCBuildConfiguration;
			buildSettings = {
				ALWAYS_SEARCH_USER_PATHS = NO;
				CLANG_ANALYZER_NONNULL = YES;
				CLANG_ANALYZER_NUMBER_OBJECT_CONVERSION = YES_AGGRESSIVE;
				CLANG_CXX_LANGUAGE_STANDARD = "gnu++20";
				CLANG_ENABLE_MODULES = YES;
				CLANG_ENABLE_OBJC_ARC = YES;
				CLANG_ENABLE_OBJC_WEAK = YES;
				CLANG_WARN_BLOCK_CAPTURE_AUTORELEASING = YES;
				CLANG_WARN_BOOL_CONVERSION = YES;
				CLANG_WARN_COMMA = YES;
				CLANG_WARN_CONSTANT_CONVERSION = YES;
				CLANG_WARN_DEPRECATED_OBJC_IMPLEMENTATIONS = YES;
				CLANG_WARN_DIRECT_OBJC_ISA_USAGE = YES_ERROR;
				CLANG_WARN_DOCUMENTATION_COMMENTS = YES;
				CLANG_WARN_EMPTY_BODY = YES;
				CLANG_WARN_ENUM_CONVERSION = YES;
				CLANG_WARN_INFINITE_RECURSION = YES;
				CLANG_WARN_INT_CONVERSION = YES;
				CLANG_WARN_NON_LITERAL_NULL_CONVERSION = YES;
				CLANG_WARN_OBJC_IMPLICIT_RETAIN_SELF = YES;
				CLANG_WARN_OBJC_LITERAL_CONVERSION = YES;
				CLANG_WARN_OBJC_ROOT_CLASS = YES_ERROR;
				CLANG_WARN_QUOTED_INCLUDE_IN_FRAMEWORK_HEADER = YES;
				CLANG_WARN_RANGE_LOOP_ANALYSIS = YES;
				CLANG_WARN_STRICT_PROTOTYPES = YES;
				CLANG_WARN_SUSPICIOUS_MOVE = YES;
				CLANG_WARN_UNGUARDED_AVAILABILITY = YES_AGGRESSIVE;
				CLANG_WARN_UNREACHABLE_CODE = YES;
				CLANG_WARN__DUPLICATE_METHOD_MATCH = YES;
				COPY_PHASE_STRIP = NO;
				DEBUG_INFORMATION_FORMAT = dwarf;
				ENABLE_STRICT_OBJC_MSGSEND = YES;
				ENABLE_TESTABILITY = YES;
				GCC_C_LANGUAGE_STANDARD = gnu11;
				GCC_DYNAMIC_NO_PIC = NO;
				GCC_NO_COMMON_BLOCKS = YES;
				GCC_OPTIMIZATION_LEVEL = 0;
				GCC_PREPROCESSOR_DEFINITIONS = (
					"DEBUG=1",
					"$(inherited)",
				);
				GCC_WARN_64_TO_32_BIT_CONVERSION = YES;
				GCC_WARN_ABOUT_RETURN_TYPE = YES_ERROR;
				GCC_WARN_UNDECLARED_SELECTOR = YES;
				GCC_WARN_UNINITIALIZED_AUTOS = YES_AGGRESSIVE;
				GCC_WARN_UNUSED_FUNCTION = YES;
				GCC_WARN_UNUSED_VARIABLE = YES;
				IPHONEOS_DEPLOYMENT_TARGET = 16.2;
				MTL_ENABLE_DEBUG_INFO = INCLUDE_SOURCE;
				MTL_FAST_MATH = YES;
				ONLY_ACTIVE_ARCH = YES;
				SDKROOT = iphoneos;
				SWIFT_ACTIVE_COMPILATION_CONDITIONS = DEBUG;
				SWIFT_OPTIMIZATION_LEVEL = "-Onone";
			};
			name = Debug;
		};
		D25D855D2B606D150064FE14 /* Release */ = {
			isa = XCBuildConfiguration;
			buildSettings = {
				ALWAYS_SEARCH_USER_PATHS = NO;
				CLANG_ANALYZER_NONNULL = YES;
				CLANG_ANALYZER_NUMBER_OBJECT_CONVERSION = YES_AGGRESSIVE;
				CLANG_CXX_LANGUAGE_STANDARD = "gnu++20";
				CLANG_ENABLE_MODULES = YES;
				CLANG_ENABLE_OBJC_ARC = YES;
				CLANG_ENABLE_OBJC_WEAK = YES;
				CLANG_WARN_BLOCK_CAPTURE_AUTORELEASING = YES;
				CLANG_WARN_BOOL_CONVERSION = YES;
				CLANG_WARN_COMMA = YES;
				CLANG_WARN_CONSTANT_CONVERSION = YES;
				CLANG_WARN_DEPRECATED_OBJC_IMPLEMENTATIONS = YES;
				CLANG_WARN_DIRECT_OBJC_ISA_USAGE = YES_ERROR;
				CLANG_WARN_DOCUMENTATION_COMMENTS = YES;
				CLANG_WARN_EMPTY_BODY = YES;
				CLANG_WARN_ENUM_CONVERSION = YES;
				CLANG_WARN_INFINITE_RECURSION = YES;
				CLANG_WARN_INT_CONVERSION = YES;
				CLANG_WARN_NON_LITERAL_NULL_CONVERSION = YES;
				CLANG_WARN_OBJC_IMPLICIT_RETAIN_SELF = YES;
				CLANG_WARN_OBJC_LITERAL_CONVERSION = YES;
				CLANG_WARN_OBJC_ROOT_CLASS = YES_ERROR;
				CLANG_WARN_QUOTED_INCLUDE_IN_FRAMEWORK_HEADER = YES;
				CLANG_WARN_RANGE_LOOP_ANALYSIS = YES;
				CLANG_WARN_STRICT_PROTOTYPES = YES;
				CLANG_WARN_SUSPICIOUS_MOVE = YES;
				CLANG_WARN_UNGUARDED_AVAILABILITY = YES_AGGRESSIVE;
				CLANG_WARN_UNREACHABLE_CODE = YES;
				CLANG_WARN__DUPLICATE_METHOD_MATCH = YES;
				COPY_PHASE_STRIP = NO;
				DEBUG_INFORMATION_FORMAT = "dwarf-with-dsym";
				ENABLE_NS_ASSERTIONS = NO;
				ENABLE_STRICT_OBJC_MSGSEND = YES;
				GCC_C_LANGUAGE_STANDARD = gnu11;
				GCC_NO_COMMON_BLOCKS = YES;
				GCC_WARN_64_TO_32_BIT_CONVERSION = YES;
				GCC_WARN_ABOUT_RETURN_TYPE = YES_ERROR;
				GCC_WARN_UNDECLARED_SELECTOR = YES;
				GCC_WARN_UNINITIALIZED_AUTOS = YES_AGGRESSIVE;
				GCC_WARN_UNUSED_FUNCTION = YES;
				GCC_WARN_UNUSED_VARIABLE = YES;
				IPHONEOS_DEPLOYMENT_TARGET = 16.2;
				MTL_ENABLE_DEBUG_INFO = NO;
				MTL_FAST_MATH = YES;
				SDKROOT = iphoneos;
				SWIFT_COMPILATION_MODE = wholemodule;
				SWIFT_OPTIMIZATION_LEVEL = "-O";
				VALIDATE_PRODUCT = YES;
			};
			name = Release;
		};
		D25D855F2B606D150064FE14 /* Debug */ = {
			isa = XCBuildConfiguration;
			buildSettings = {
				ASSETCATALOG_COMPILER_APPICON_NAME = AppIcon;
				ASSETCATALOG_COMPILER_GLOBAL_ACCENT_COLOR_NAME = AccentColor;
				CODE_SIGN_STYLE = Automatic;
				CURRENT_PROJECT_VERSION = 1;
				GENERATE_INFOPLIST_FILE = YES;
				INFOPLIST_FILE = Assignment_Lab3_UIText/Info.plist;
				INFOPLIST_KEY_UIApplicationSupportsIndirectInputEvents = YES;
				INFOPLIST_KEY_UILaunchStoryboardName = LaunchScreen;
				INFOPLIST_KEY_UIMainStoryboardFile = Main;
				INFOPLIST_KEY_UISupportedInterfaceOrientations_iPad = "UIInterfaceOrientationPortrait UIInterfaceOrientationPortraitUpsideDown UIInterfaceOrientationLandscapeLeft UIInterfaceOrientationLandscapeRight";
				INFOPLIST_KEY_UISupportedInterfaceOrientations_iPhone = "UIInterfaceOrientationPortrait UIInterfaceOrientationLandscapeLeft UIInterfaceOrientationLandscapeRight";
				LD_RUNPATH_SEARCH_PATHS = (
					"$(inherited)",
					"@executable_path/Frameworks",
				);
				MARKETING_VERSION = 1.0;
				PRODUCT_BUNDLE_IDENTIFIER = "com.demo.Assignment-Lab3-UIText";
				PRODUCT_NAME = "$(TARGET_NAME)";
				SWIFT_EMIT_LOC_STRINGS = YES;
				SWIFT_VERSION = 5.0;
				TARGETED_DEVICE_FAMILY = "1,2";
			};
			name = Debug;
		};
		D25D85602B606D150064FE14 /* Release */ = {
			isa = XCBuildConfiguration;
			buildSettings = {
				ASSETCATALOG_COMPILER_APPICON_NAME = AppIcon;
				ASSETCATALOG_COMPILER_GLOBAL_ACCENT_COLOR_NAME = AccentColor;
				CODE_SIGN_STYLE = Automatic;
				CURRENT_PROJECT_VERSION = 1;
				GENERATE_INFOPLIST_FILE = YES;
				INFOPLIST_FILE = Assignment_Lab3_UIText/Info.plist;
				INFOPLIST_KEY_UIApplicationSupportsIndirectInputEvents = YES;
				INFOPLIST_KEY_UILaunchStoryboardName = LaunchScreen;
				INFOPLIST_KEY_UIMainStoryboardFile = Main;
				INFOPLIST_KEY_UISupportedInterfaceOrientations_iPad = "UIInterfaceOrientationPortrait UIInterfaceOrientationPortraitUpsideDown UIInterfaceOrientationLandscapeLeft UIInterfaceOrientationLandscapeRight";
				INFOPLIST_KEY_UISupportedInterfaceOrientations_iPhone = "UIInterfaceOrientationPortrait UIInterfaceOrientationLandscapeLeft UIInterfaceOrientationLandscapeRight";
				LD_RUNPATH_SEARCH_PATHS = (
					"$(inherited)",
					"@executable_path/Frameworks",
				);
				MARKETING_VERSION = 1.0;
				PRODUCT_BUNDLE_IDENTIFIER = "com.demo.Assignment-Lab3-UIText";
				PRODUCT_NAME = "$(TARGET_NAME)";
				SWIFT_EMIT_LOC_STRINGS = YES;
				SWIFT_VERSION = 5.0;
				TARGETED_DEVICE_FAMILY = "1,2";
			};
			name = Release;
		};
		D25D85622B606D150064FE14 /* Debug */ = {
			isa = XCBuildConfiguration;
			buildSettings = {
				ALWAYS_EMBED_SWIFT_STANDARD_LIBRARIES = YES;
				BUNDLE_LOADER = "$(TEST_HOST)";
				CODE_SIGN_STYLE = Automatic;
				CURRENT_PROJECT_VERSION = 1;
				GENERATE_INFOPLIST_FILE = YES;
				IPHONEOS_DEPLOYMENT_TARGET = 16.2;
				MARKETING_VERSION = 1.0;
				PRODUCT_BUNDLE_IDENTIFIER = "com.demo.Assignment-Lab3-UITextTests";
				PRODUCT_NAME = "$(TARGET_NAME)";
				SWIFT_EMIT_LOC_STRINGS = NO;
				SWIFT_VERSION = 5.0;
				TARGETED_DEVICE_FAMILY = "1,2";
				TEST_HOST = "$(BUILT_PRODUCTS_DIR)/Assignment_Lab3_UIText.app/$(BUNDLE_EXECUTABLE_FOLDER_PATH)/Assignment_Lab3_UIText";
			};
			name = Debug;
		};
		D25D85632B606D150064FE14 /* Release */ = {
			isa = XCBuildConfiguration;
			buildSettings = {
				ALWAYS_EMBED_SWIFT_STANDARD_LIBRARIES = YES;
				BUNDLE_LOADER = "$(TEST_HOST)";
				CODE_SIGN_STYLE = Automatic;
				CURRENT_PROJECT_VERSION = 1;
				GENERATE_INFOPLIST_FILE = YES;
				IPHONEOS_DEPLOYMENT_TARGET = 16.2;
				MARKETING_VERSION = 1.0;
				PRODUCT_BUNDLE_IDENTIFIER = "com.demo.Assignment-Lab3-UITextTests";
				PRODUCT_NAME = "$(TARGET_NAME)";
				SWIFT_EMIT_LOC_STRINGS = NO;
				SWIFT_VERSION = 5.0;
				TARGETED_DEVICE_FAMILY = "1,2";
				TEST_HOST = "$(BUILT_PRODUCTS_DIR)/Assignment_Lab3_UIText.app/$(BUNDLE_EXECUTABLE_FOLDER_PATH)/Assignment_Lab3_UIText";
			};
			name = Release;
		};
		D25D85652B606D150064FE14 /* Debug */ = {
			isa = XCBuildConfiguration;
			buildSettings = {
				ALWAYS_EMBED_SWIFT_STANDARD_LIBRARIES = YES;
				CODE_SIGN_STYLE = Automatic;
				CURRENT_PROJECT_VERSION = 1;
				GENERATE_INFOPLIST_FILE = YES;
				MARKETING_VERSION = 1.0;
				PRODUCT_BUNDLE_IDENTIFIER = "com.demo.Assignment-Lab3-UITextUITests";
				PRODUCT_NAME = "$(TARGET_NAME)";
				SWIFT_EMIT_LOC_STRINGS = NO;
				SWIFT_VERSION = 5.0;
				TARGETED_DEVICE_FAMILY = "1,2";
				TEST_TARGET_NAME = Assignment_Lab3_UIText;
			};
			name = Debug;
		};
		D25D85662B606D150064FE14 /* Release */ = {
			isa = XCBuildConfiguration;
			buildSettings = {
				ALWAYS_EMBED_SWIFT_STANDARD_LIBRARIES = YES;
				CODE_SIGN_STYLE = Automatic;
				CURRENT_PROJECT_VERSION = 1;
				GENERATE_INFOPLIST_FILE = YES;
				MARKETING_VERSION = 1.0;
				PRODUCT_BUNDLE_IDENTIFIER = "com.demo.Assignment-Lab3-UITextUITests";
				PRODUCT_NAME = "$(TARGET_NAME)";
				SWIFT_EMIT_LOC_STRINGS = NO;
				SWIFT_VERSION = 5.0;
				TARGETED_DEVICE_FAMILY = "1,2";
				TEST_TARGET_NAME = Assignment_Lab3_UIText;
			};
			name = Release;
		};
/* End XCBuildConfiguration section */

/* Begin XCConfigurationList section */
		D25D852F2B606D130064FE14 /* Build configuration list for PBXProject "Assignment_Lab3_UIText" */ = {
			isa = XCConfigurationList;
			buildConfigurations = (
				D25D855C2B606D150064FE14 /* Debug */,
				D25D855D2B606D150064FE14 /* Release */,
			);
			defaultConfigurationIsVisible = 0;
			defaultConfigurationName = Release;
		};
		D25D855E2B606D150064FE14 /* Build configuration list for PBXNativeTarget "Assignment_Lab3_UIText" */ = {
			isa = XCConfigurationList;
			buildConfigurations = (
				D25D855F2B606D150064FE14 /* Debug */,
				D25D85602B606D150064FE14 /* Release */,
			);
			defaultConfigurationIsVisible = 0;
			defaultConfigurationName = Release;
		};
		D25D85612B606D150064FE14 /* Build configuration list for PBXNativeTarget "Assignment_Lab3_UITextTests" */ = {
			isa = XCConfigurationList;
			buildConfigurations = (
				D25D85622B606D150064FE14 /* Debug */,
				D25D85632B606D150064FE14 /* Release */,
			);
			defaultConfigurationIsVisible = 0;
			defaultConfigurationName = Release;
		};
		D25D85642B606D150064FE14 /* Build configuration list for PBXNativeTarget "Assignment_Lab3_UITextUITests" */ = {
			isa = XCConfigurationList;
			buildConfigurations = (
				D25D85652B606D150064FE14 /* Debug */,
				D25D85662B606D150064FE14 /* Release */,
			);
			defaultConfigurationIsVisible = 0;
			defaultConfigurationName = Release;
		};
/* End XCConfigurationList section */
	};
	rootObject = D25D852C2B606D130064FE14 /* Project object */;
}
